// !$*UTF8*$!
{
	archiveVersion = 1;
	classes = {
	};
	objectVersion = 46;
	objects = {

/* Begin PBXBuildFile section */
		E3127AAA16C1E6A500D09AA4 /* CCBDirectoryComparer.m in Sources */ = {isa = PBXBuildFile; fileRef = E3127AA916C1E6A500D09AA4 /* CCBDirectoryComparer.m */; };
		E32F24511656C27A00ADC120 /* ResourcesCCB in Resources */ = {isa = PBXBuildFile; fileRef = E32F24501656C27A00ADC120 /* ResourcesCCB */; };
		E32FA30616D592F000254653 /* js in Resources */ = {isa = PBXBuildFile; fileRef = E32FA30516D592F000254653 /* js */; };
		E358953A16A72069002AF275 /* CCBAnimationManager.m in Sources */ = {isa = PBXBuildFile; fileRef = E358952F16A72069002AF275 /* CCBAnimationManager.m */; };
		E358953B16A72069002AF275 /* CCBKeyframe.m in Sources */ = {isa = PBXBuildFile; fileRef = E358953116A72069002AF275 /* CCBKeyframe.m */; };
		E358953C16A72069002AF275 /* CCBReader.m in Sources */ = {isa = PBXBuildFile; fileRef = E358953316A72069002AF275 /* CCBReader.m */; };
		E358953D16A72069002AF275 /* CCBsequence.m in Sources */ = {isa = PBXBuildFile; fileRef = E358953516A72069002AF275 /* CCBsequence.m */; };
		E358953E16A72069002AF275 /* CCBSequenceProperty.m in Sources */ = {isa = PBXBuildFile; fileRef = E358953716A72069002AF275 /* CCBSequenceProperty.m */; };
		E358953F16A72069002AF275 /* CCNode+CCBRelativePositioning.m in Sources */ = {isa = PBXBuildFile; fileRef = E358953916A72069002AF275 /* CCNode+CCBRelativePositioning.m */; };
		E35D795116827BC400A53BEF /* libsqlite3.dylib in Frameworks */ = {isa = PBXBuildFile; fileRef = E35D795016827BC400A53BEF /* libsqlite3.dylib */; };
		E3893C6B1666A24000299482 /* libjsbindings.a in Frameworks */ = {isa = PBXBuildFile; fileRef = E3893BF91666A12400299482 /* libjsbindings.a */; };
		E3893CF41666BF8100299482 /* ioapi.c in Sources */ = {isa = PBXBuildFile; fileRef = E3893CEA1666BF8100299482 /* ioapi.c */; };
		E3893CF51666BF8100299482 /* mztools.c in Sources */ = {isa = PBXBuildFile; fileRef = E3893CEC1666BF8100299482 /* mztools.c */; };
		E3893CF61666BF8100299482 /* unzip.c in Sources */ = {isa = PBXBuildFile; fileRef = E3893CEE1666BF8100299482 /* unzip.c */; };
		E3893CF71666BF8100299482 /* zip.c in Sources */ = {isa = PBXBuildFile; fileRef = E3893CF01666BF8100299482 /* zip.c */; };
		E3893CF81666BF8100299482 /* SSZipArchive.m in Sources */ = {isa = PBXBuildFile; fileRef = E3893CF31666BF8100299482 /* SSZipArchive.m */; };
		E3CB310817286C4C00A9B73F /* CoreText.framework in Frameworks */ = {isa = PBXBuildFile; fileRef = E3CB310717286C4C00A9B73F /* CoreText.framework */; };
		E3F6A04D16499A7600550B13 /* QuartzCore.framework in Frameworks */ = {isa = PBXBuildFile; fileRef = E3F6A04C16499A7600550B13 /* QuartzCore.framework */; };
		E3F6A04F16499A7600550B13 /* OpenGLES.framework in Frameworks */ = {isa = PBXBuildFile; fileRef = E3F6A04E16499A7600550B13 /* OpenGLES.framework */; };
		E3F6A05116499A7600550B13 /* OpenAL.framework in Frameworks */ = {isa = PBXBuildFile; fileRef = E3F6A05016499A7600550B13 /* OpenAL.framework */; };
		E3F6A05316499A7600550B13 /* AudioToolbox.framework in Frameworks */ = {isa = PBXBuildFile; fileRef = E3F6A05216499A7600550B13 /* AudioToolbox.framework */; };
		E3F6A05516499A7600550B13 /* AVFoundation.framework in Frameworks */ = {isa = PBXBuildFile; fileRef = E3F6A05416499A7600550B13 /* AVFoundation.framework */; };
		E3F6A05716499A7600550B13 /* UIKit.framework in Frameworks */ = {isa = PBXBuildFile; fileRef = E3F6A05616499A7600550B13 /* UIKit.framework */; };
		E3F6A05916499A7600550B13 /* Foundation.framework in Frameworks */ = {isa = PBXBuildFile; fileRef = E3F6A05816499A7600550B13 /* Foundation.framework */; };
		E3F6A05B16499A7600550B13 /* CoreGraphics.framework in Frameworks */ = {isa = PBXBuildFile; fileRef = E3F6A05A16499A7600550B13 /* CoreGraphics.framework */; };
		E3F6A05D16499A7600550B13 /* GameKit.framework in Frameworks */ = {isa = PBXBuildFile; fileRef = E3F6A05C16499A7600550B13 /* GameKit.framework */; };
		E3F6A06116499A7600550B13 /* Default.png in Resources */ = {isa = PBXBuildFile; fileRef = E3F6A06016499A7600550B13 /* Default.png */; };
		E3F6A06316499A7600550B13 /* Default@2x.png in Resources */ = {isa = PBXBuildFile; fileRef = E3F6A06216499A7600550B13 /* Default@2x.png */; };
		E3F6A06516499A7600550B13 /* Default-568h@2x.png in Resources */ = {isa = PBXBuildFile; fileRef = E3F6A06416499A7600550B13 /* Default-568h@2x.png */; };
		E3F6A06716499A7600550B13 /* Default-Landscape~ipad.png in Resources */ = {isa = PBXBuildFile; fileRef = E3F6A06616499A7600550B13 /* Default-Landscape~ipad.png */; };
		E3F6A06916499A7600550B13 /* fps_images.png in Resources */ = {isa = PBXBuildFile; fileRef = E3F6A06816499A7600550B13 /* fps_images.png */; };
		E3F6A06B16499A7600550B13 /* fps_images-hd.png in Resources */ = {isa = PBXBuildFile; fileRef = E3F6A06A16499A7600550B13 /* fps_images-hd.png */; };
		E3F6A06D16499A7600550B13 /* fps_images-ipadhd.png in Resources */ = {isa = PBXBuildFile; fileRef = E3F6A06C16499A7600550B13 /* fps_images-ipadhd.png */; };
		E3F6A06F16499A7600550B13 /* Icon-72.png in Resources */ = {isa = PBXBuildFile; fileRef = E3F6A06E16499A7600550B13 /* Icon-72.png */; };
		E3F6A07116499A7600550B13 /* Icon-Small-50.png in Resources */ = {isa = PBXBuildFile; fileRef = E3F6A07016499A7600550B13 /* Icon-Small-50.png */; };
		E3F6A07316499A7600550B13 /* Icon-Small.png in Resources */ = {isa = PBXBuildFile; fileRef = E3F6A07216499A7600550B13 /* Icon-Small.png */; };
		E3F6A07516499A7600550B13 /* Icon-Small@2x.png in Resources */ = {isa = PBXBuildFile; fileRef = E3F6A07416499A7600550B13 /* Icon-Small@2x.png */; };
		E3F6A07716499A7600550B13 /* Icon.png in Resources */ = {isa = PBXBuildFile; fileRef = E3F6A07616499A7600550B13 /* Icon.png */; };
		E3F6A07916499A7600550B13 /* Icon@2x.png in Resources */ = {isa = PBXBuildFile; fileRef = E3F6A07816499A7600550B13 /* Icon@2x.png */; };
		E3F6A07C16499A7700550B13 /* iTunesArtwork in Resources */ = {isa = PBXBuildFile; fileRef = E3F6A07B16499A7700550B13 /* iTunesArtwork */; };
		E3F6A30716499A7E00550B13 /* README.markdown in Resources */ = {isa = PBXBuildFile; fileRef = E3F6A30616499A7E00550B13 /* README.markdown */; };
		E3F6A32016499A7F00550B13 /* main.mm in Sources */ = {isa = PBXBuildFile; fileRef = E3F6A31F16499A7F00550B13 /* main.mm */; };
		E3F6A32316499A7F00550B13 /* AppDelegate.mm in Sources */ = {isa = PBXBuildFile; fileRef = E3F6A32216499A7F00550B13 /* AppDelegate.mm */; };
		E3F6A32516499A7F00550B13 /* grossini_dance_atlas.png in Resources */ = {isa = PBXBuildFile; fileRef = E3F6A32416499A7F00550B13 /* grossini_dance_atlas.png */; };
		E3F6A33116499C3A00550B13 /* PlayerStatusLayer.mm in Sources */ = {isa = PBXBuildFile; fileRef = E3F6A32E16499C3A00550B13 /* PlayerStatusLayer.mm */; };
		E3F6A33216499C3A00550B13 /* ServerController.mm in Sources */ = {isa = PBXBuildFile; fileRef = E3F6A33016499C3A00550B13 /* ServerController.mm */; };
		E3F6A38816499D8400550B13 /* ThoMoClientStub.m in Sources */ = {isa = PBXBuildFile; fileRef = E3F6A37A16499D8400550B13 /* ThoMoClientStub.m */; };
		E3F6A38916499D8400550B13 /* ThoMoNetworkStub.m in Sources */ = {isa = PBXBuildFile; fileRef = E3F6A37F16499D8400550B13 /* ThoMoNetworkStub.m */; };
		E3F6A38A16499D8400550B13 /* ThoMoServerStub.m in Sources */ = {isa = PBXBuildFile; fileRef = E3F6A38216499D8400550B13 /* ThoMoServerStub.m */; };
		E3F6A38B16499D8400550B13 /* ThoMoTCPConnection.m in Sources */ = {isa = PBXBuildFile; fileRef = E3F6A38616499D8400550B13 /* ThoMoTCPConnection.m */; };
/* End PBXBuildFile section */

/* Begin PBXContainerItemProxy section */
		E358952816A71ED9002AF275 /* PBXContainerItemProxy */ = {
			isa = PBXContainerItemProxy;
			containerPortal = E3893B6E1666A12100299482 /* cocos2d-ios.xcodeproj */;
			proxyType = 2;
			remoteGlobalIDString = A0EFA7AC169CDF9C006D1B22;
			remoteInfo = cocos2d_box2d;
		};
		E358952A16A71ED9002AF275 /* PBXContainerItemProxy */ = {
			isa = PBXContainerItemProxy;
			containerPortal = E3893B6E1666A12100299482 /* cocos2d-ios.xcodeproj */;
			proxyType = 2;
			remoteGlobalIDString = A0EFA886169CDFA4006D1B22;
			remoteInfo = cocos2d_chipmunk;
		};
		E3893BEA1666A12400299482 /* PBXContainerItemProxy */ = {
			isa = PBXContainerItemProxy;
			containerPortal = E3893B6E1666A12100299482 /* cocos2d-ios.xcodeproj */;
			proxyType = 2;
			remoteGlobalIDString = 509807081175041800EA7266;
			remoteInfo = "build all tests";
		};
		E3893BEC1666A12400299482 /* PBXContainerItemProxy */ = {
			isa = PBXContainerItemProxy;
			containerPortal = E3893B6E1666A12100299482 /* cocos2d-ios.xcodeproj */;
			proxyType = 2;
			remoteGlobalIDString = 504225700FC0B39C00B992F7;
			remoteInfo = box2d;
		};
		E3893BEE1666A12400299482 /* PBXContainerItemProxy */ = {
			isa = PBXContainerItemProxy;
			containerPortal = E3893B6E1666A12100299482 /* cocos2d-ios.xcodeproj */;
			proxyType = 2;
			remoteGlobalIDString = 50B2C4D10E100AEA00AE9530;
			remoteInfo = Chipmunk;
		};
		E3893BF01666A12400299482 /* PBXContainerItemProxy */ = {
			isa = PBXContainerItemProxy;
			containerPortal = E3893B6E1666A12100299482 /* cocos2d-ios.xcodeproj */;
			proxyType = 2;
			remoteGlobalIDString = 5018F24D0DFDEAC400C013A5;
			remoteInfo = cocos2d;
		};
		E3893BF21666A12400299482 /* PBXContainerItemProxy */ = {
			isa = PBXContainerItemProxy;
			containerPortal = E3893B6E1666A12100299482 /* cocos2d-ios.xcodeproj */;
			proxyType = 2;
			remoteGlobalIDString = 502C65EE0DFEF3DD00E4107D;
			remoteInfo = "cocos2d-documentation";
		};
		E3893BF41666A12400299482 /* PBXContainerItemProxy */ = {
			isa = PBXContainerItemProxy;
			containerPortal = E3893B6E1666A12100299482 /* cocos2d-ios.xcodeproj */;
			proxyType = 2;
			remoteGlobalIDString = 50CB2FCA1004C8B100B7A750;
			remoteInfo = CocosDenshion;
		};
		E3893BF61666A12400299482 /* PBXContainerItemProxy */ = {
			isa = PBXContainerItemProxy;
			containerPortal = E3893B6E1666A12100299482 /* cocos2d-ios.xcodeproj */;
			proxyType = 2;
			remoteGlobalIDString = A02900ED15B5FA9E00D64F82;
			remoteInfo = CocosBuilderReader;
		};
		E3893BF81666A12400299482 /* PBXContainerItemProxy */ = {
			isa = PBXContainerItemProxy;
			containerPortal = E3893B6E1666A12100299482 /* cocos2d-ios.xcodeproj */;
			proxyType = 2;
			remoteGlobalIDString = A031B73915D9BD0800E1986C;
			remoteInfo = jsbindings;
		};
		E3893BFA1666A12400299482 /* PBXContainerItemProxy */ = {
			isa = PBXContainerItemProxy;
			containerPortal = E3893B6E1666A12100299482 /* cocos2d-ios.xcodeproj */;
			proxyType = 2;
			remoteGlobalIDString = A04A1FEB13B826B300ABAFB7;
			remoteInfo = kazmath;
		};
		E3893C761666A45000299482 /* PBXContainerItemProxy */ = {
			isa = PBXContainerItemProxy;
			containerPortal = E3893B6E1666A12100299482 /* cocos2d-ios.xcodeproj */;
			proxyType = 1;
			remoteGlobalIDString = A031B71F15D9BD0800E1986C;
			remoteInfo = jsbindings;
		};
/* End PBXContainerItemProxy section */

/* Begin PBXFileReference section */
		E3127AA816C1E6A500D09AA4 /* CCBDirectoryComparer.h */ = {isa = PBXFileReference; fileEncoding = 4; lastKnownFileType = sourcecode.c.h; name = CCBDirectoryComparer.h; path = ../../CocosBuilder/ccBuilder/CCBDirectoryComparer.h; sourceTree = "<group>"; };
		E3127AA916C1E6A500D09AA4 /* CCBDirectoryComparer.m */ = {isa = PBXFileReference; fileEncoding = 4; lastKnownFileType = sourcecode.c.objc; name = CCBDirectoryComparer.m; path = ../../CocosBuilder/ccBuilder/CCBDirectoryComparer.m; sourceTree = "<group>"; };
		E32F24501656C27A00ADC120 /* ResourcesCCB */ = {isa = PBXFileReference; lastKnownFileType = folder; path = ResourcesCCB; sourceTree = "<group>"; };
		E32FA30516D592F000254653 /* js */ = {isa = PBXFileReference; lastKnownFileType = folder; name = js; path = "../../CocosBuilder/libs/cocos2d-iphone/external/JavaScript/jsbindings/src/js"; sourceTree = "<group>"; };
		E358952E16A72069002AF275 /* CCBAnimationManager.h */ = {isa = PBXFileReference; fileEncoding = 4; lastKnownFileType = sourcecode.c.h; path = CCBAnimationManager.h; sourceTree = "<group>"; };
		E358952F16A72069002AF275 /* CCBAnimationManager.m */ = {isa = PBXFileReference; fileEncoding = 4; lastKnownFileType = sourcecode.c.objc; path = CCBAnimationManager.m; sourceTree = "<group>"; };
		E358953016A72069002AF275 /* CCBKeyframe.h */ = {isa = PBXFileReference; fileEncoding = 4; lastKnownFileType = sourcecode.c.h; path = CCBKeyframe.h; sourceTree = "<group>"; };
		E358953116A72069002AF275 /* CCBKeyframe.m */ = {isa = PBXFileReference; fileEncoding = 4; lastKnownFileType = sourcecode.c.objc; path = CCBKeyframe.m; sourceTree = "<group>"; };
		E358953216A72069002AF275 /* CCBReader.h */ = {isa = PBXFileReference; fileEncoding = 4; lastKnownFileType = sourcecode.c.h; path = CCBReader.h; sourceTree = "<group>"; };
		E358953316A72069002AF275 /* CCBReader.m */ = {isa = PBXFileReference; fileEncoding = 4; lastKnownFileType = sourcecode.c.objc; path = CCBReader.m; sourceTree = "<group>"; };
		E358953416A72069002AF275 /* CCBSequence.h */ = {isa = PBXFileReference; fileEncoding = 4; lastKnownFileType = sourcecode.c.h; path = CCBSequence.h; sourceTree = "<group>"; };
		E358953516A72069002AF275 /* CCBsequence.m */ = {isa = PBXFileReference; fileEncoding = 4; lastKnownFileType = sourcecode.c.objc; path = CCBsequence.m; sourceTree = "<group>"; };
		E358953616A72069002AF275 /* CCBSequenceProperty.h */ = {isa = PBXFileReference; fileEncoding = 4; lastKnownFileType = sourcecode.c.h; path = CCBSequenceProperty.h; sourceTree = "<group>"; };
		E358953716A72069002AF275 /* CCBSequenceProperty.m */ = {isa = PBXFileReference; fileEncoding = 4; lastKnownFileType = sourcecode.c.objc; path = CCBSequenceProperty.m; sourceTree = "<group>"; };
		E358953816A72069002AF275 /* CCNode+CCBRelativePositioning.h */ = {isa = PBXFileReference; fileEncoding = 4; lastKnownFileType = sourcecode.c.h; path = "CCNode+CCBRelativePositioning.h"; sourceTree = "<group>"; };
		E358953916A72069002AF275 /* CCNode+CCBRelativePositioning.m */ = {isa = PBXFileReference; fileEncoding = 4; lastKnownFileType = sourcecode.c.objc; path = "CCNode+CCBRelativePositioning.m"; sourceTree = "<group>"; };
		E35D795016827BC400A53BEF /* libsqlite3.dylib */ = {isa = PBXFileReference; lastKnownFileType = "compiled.mach-o.dylib"; name = libsqlite3.dylib; path = usr/lib/libsqlite3.dylib; sourceTree = SDKROOT; };
		E3893B6E1666A12100299482 /* cocos2d-ios.xcodeproj */ = {isa = PBXFileReference; lastKnownFileType = "wrapper.pb-project"; name = "cocos2d-ios.xcodeproj"; path = "../../CocosBuilder/libs/cocos2d-iphone/cocos2d-ios.xcodeproj"; sourceTree = "<group>"; };
		E3893CE91666BF8100299482 /* crypt.h */ = {isa = PBXFileReference; fileEncoding = 4; lastKnownFileType = sourcecode.c.h; path = crypt.h; sourceTree = "<group>"; };
		E3893CEA1666BF8100299482 /* ioapi.c */ = {isa = PBXFileReference; fileEncoding = 4; lastKnownFileType = sourcecode.c.c; path = ioapi.c; sourceTree = "<group>"; };
		E3893CEB1666BF8100299482 /* ioapi.h */ = {isa = PBXFileReference; fileEncoding = 4; lastKnownFileType = sourcecode.c.h; path = ioapi.h; sourceTree = "<group>"; };
		E3893CEC1666BF8100299482 /* mztools.c */ = {isa = PBXFileReference; fileEncoding = 4; lastKnownFileType = sourcecode.c.c; path = mztools.c; sourceTree = "<group>"; };
		E3893CED1666BF8100299482 /* mztools.h */ = {isa = PBXFileReference; fileEncoding = 4; lastKnownFileType = sourcecode.c.h; path = mztools.h; sourceTree = "<group>"; };
		E3893CEE1666BF8100299482 /* unzip.c */ = {isa = PBXFileReference; fileEncoding = 4; lastKnownFileType = sourcecode.c.c; path = unzip.c; sourceTree = "<group>"; };
		E3893CEF1666BF8100299482 /* unzip.h */ = {isa = PBXFileReference; fileEncoding = 4; lastKnownFileType = sourcecode.c.h; path = unzip.h; sourceTree = "<group>"; };
		E3893CF01666BF8100299482 /* zip.c */ = {isa = PBXFileReference; fileEncoding = 4; lastKnownFileType = sourcecode.c.c; path = zip.c; sourceTree = "<group>"; };
		E3893CF11666BF8100299482 /* zip.h */ = {isa = PBXFileReference; fileEncoding = 4; lastKnownFileType = sourcecode.c.h; path = zip.h; sourceTree = "<group>"; };
		E3893CF21666BF8100299482 /* SSZipArchive.h */ = {isa = PBXFileReference; fileEncoding = 4; lastKnownFileType = sourcecode.c.h; name = SSZipArchive.h; path = ../../CocosBuilder/libs/ssziparchive/SSZipArchive.h; sourceTree = "<group>"; };
		E3893CF31666BF8100299482 /* SSZipArchive.m */ = {isa = PBXFileReference; fileEncoding = 4; lastKnownFileType = sourcecode.c.objc; name = SSZipArchive.m; path = ../../CocosBuilder/libs/ssziparchive/SSZipArchive.m; sourceTree = "<group>"; };
		E3CB310717286C4C00A9B73F /* CoreText.framework */ = {isa = PBXFileReference; lastKnownFileType = wrapper.framework; name = CoreText.framework; path = System/Library/Frameworks/CoreText.framework; sourceTree = SDKROOT; };
		E3F6A04816499A7600550B13 /* CocosPlayer.app */ = {isa = PBXFileReference; explicitFileType = wrapper.application; includeInIndex = 0; path = CocosPlayer.app; sourceTree = BUILT_PRODUCTS_DIR; };
		E3F6A04C16499A7600550B13 /* QuartzCore.framework */ = {isa = PBXFileReference; lastKnownFileType = wrapper.framework; name = QuartzCore.framework; path = System/Library/Frameworks/QuartzCore.framework; sourceTree = SDKROOT; };
		E3F6A04E16499A7600550B13 /* OpenGLES.framework */ = {isa = PBXFileReference; lastKnownFileType = wrapper.framework; name = OpenGLES.framework; path = System/Library/Frameworks/OpenGLES.framework; sourceTree = SDKROOT; };
		E3F6A05016499A7600550B13 /* OpenAL.framework */ = {isa = PBXFileReference; lastKnownFileType = wrapper.framework; name = OpenAL.framework; path = System/Library/Frameworks/OpenAL.framework; sourceTree = SDKROOT; };
		E3F6A05216499A7600550B13 /* AudioToolbox.framework */ = {isa = PBXFileReference; lastKnownFileType = wrapper.framework; name = AudioToolbox.framework; path = System/Library/Frameworks/AudioToolbox.framework; sourceTree = SDKROOT; };
		E3F6A05416499A7600550B13 /* AVFoundation.framework */ = {isa = PBXFileReference; lastKnownFileType = wrapper.framework; name = AVFoundation.framework; path = System/Library/Frameworks/AVFoundation.framework; sourceTree = SDKROOT; };
		E3F6A05616499A7600550B13 /* UIKit.framework */ = {isa = PBXFileReference; lastKnownFileType = wrapper.framework; name = UIKit.framework; path = System/Library/Frameworks/UIKit.framework; sourceTree = SDKROOT; };
		E3F6A05816499A7600550B13 /* Foundation.framework */ = {isa = PBXFileReference; lastKnownFileType = wrapper.framework; name = Foundation.framework; path = System/Library/Frameworks/Foundation.framework; sourceTree = SDKROOT; };
		E3F6A05A16499A7600550B13 /* CoreGraphics.framework */ = {isa = PBXFileReference; lastKnownFileType = wrapper.framework; name = CoreGraphics.framework; path = System/Library/Frameworks/CoreGraphics.framework; sourceTree = SDKROOT; };
		E3F6A05C16499A7600550B13 /* GameKit.framework */ = {isa = PBXFileReference; lastKnownFileType = wrapper.framework; name = GameKit.framework; path = System/Library/Frameworks/GameKit.framework; sourceTree = SDKROOT; };
		E3F6A06016499A7600550B13 /* Default.png */ = {isa = PBXFileReference; lastKnownFileType = image.png; name = Default.png; path = Resources/Default.png; sourceTree = "<group>"; };
		E3F6A06216499A7600550B13 /* Default@2x.png */ = {isa = PBXFileReference; lastKnownFileType = image.png; name = "Default@2x.png"; path = "Resources/Default@2x.png"; sourceTree = "<group>"; };
		E3F6A06416499A7600550B13 /* Default-568h@2x.png */ = {isa = PBXFileReference; lastKnownFileType = image.png; name = "Default-568h@2x.png"; path = "Resources/Default-568h@2x.png"; sourceTree = "<group>"; };
		E3F6A06616499A7600550B13 /* Default-Landscape~ipad.png */ = {isa = PBXFileReference; lastKnownFileType = image.png; name = "Default-Landscape~ipad.png"; path = "Resources/Default-Landscape~ipad.png"; sourceTree = "<group>"; };
		E3F6A06816499A7600550B13 /* fps_images.png */ = {isa = PBXFileReference; lastKnownFileType = image.png; name = fps_images.png; path = Resources/fps_images.png; sourceTree = "<group>"; };
		E3F6A06A16499A7600550B13 /* fps_images-hd.png */ = {isa = PBXFileReference; lastKnownFileType = image.png; name = "fps_images-hd.png"; path = "Resources/fps_images-hd.png"; sourceTree = "<group>"; };
		E3F6A06C16499A7600550B13 /* fps_images-ipadhd.png */ = {isa = PBXFileReference; lastKnownFileType = image.png; name = "fps_images-ipadhd.png"; path = "Resources/fps_images-ipadhd.png"; sourceTree = "<group>"; };
		E3F6A06E16499A7600550B13 /* Icon-72.png */ = {isa = PBXFileReference; lastKnownFileType = image.png; name = "Icon-72.png"; path = "Resources/Icon-72.png"; sourceTree = "<group>"; };
		E3F6A07016499A7600550B13 /* Icon-Small-50.png */ = {isa = PBXFileReference; lastKnownFileType = image.png; name = "Icon-Small-50.png"; path = "Resources/Icon-Small-50.png"; sourceTree = "<group>"; };
		E3F6A07216499A7600550B13 /* Icon-Small.png */ = {isa = PBXFileReference; lastKnownFileType = image.png; name = "Icon-Small.png"; path = "Resources/Icon-Small.png"; sourceTree = "<group>"; };
		E3F6A07416499A7600550B13 /* Icon-Small@2x.png */ = {isa = PBXFileReference; lastKnownFileType = image.png; name = "Icon-Small@2x.png"; path = "Resources/Icon-Small@2x.png"; sourceTree = "<group>"; };
		E3F6A07616499A7600550B13 /* Icon.png */ = {isa = PBXFileReference; lastKnownFileType = image.png; name = Icon.png; path = Resources/Icon.png; sourceTree = "<group>"; };
		E3F6A07816499A7600550B13 /* Icon@2x.png */ = {isa = PBXFileReference; lastKnownFileType = image.png; name = "Icon@2x.png"; path = "Resources/Icon@2x.png"; sourceTree = "<group>"; };
		E3F6A07A16499A7600550B13 /* Info.plist */ = {isa = PBXFileReference; lastKnownFileType = text.plist.xml; name = Info.plist; path = Resources/Info.plist; sourceTree = "<group>"; };
		E3F6A07B16499A7700550B13 /* iTunesArtwork */ = {isa = PBXFileReference; lastKnownFileType = file; name = iTunesArtwork; path = Resources/iTunesArtwork; sourceTree = "<group>"; };
		E3F6A30316499A7E00550B13 /* JRSwizzle.h */ = {isa = PBXFileReference; lastKnownFileType = sourcecode.c.h; name = JRSwizzle.h; path = libs/JRSwizzle/JRSwizzle.h; sourceTree = "<group>"; };
		E3F6A30416499A7E00550B13 /* JRSwizzle.m */ = {isa = PBXFileReference; lastKnownFileType = sourcecode.c.objc; name = JRSwizzle.m; path = libs/JRSwizzle/JRSwizzle.m; sourceTree = "<group>"; };
		E3F6A30616499A7E00550B13 /* README.markdown */ = {isa = PBXFileReference; lastKnownFileType = text; name = README.markdown; path = libs/JRSwizzle/README.markdown; sourceTree = "<group>"; };
		E3F6A30816499A7E00550B13 /* LICENSE_JRSwizzle.txt */ = {isa = PBXFileReference; lastKnownFileType = text; name = LICENSE_JRSwizzle.txt; path = libs/LICENSE_JRSwizzle.txt; sourceTree = "<group>"; };
		E3F6A31E16499A7F00550B13 /* Prefix.pch */ = {isa = PBXFileReference; lastKnownFileType = sourcecode.c.h; path = Prefix.pch; sourceTree = "<group>"; };
		E3F6A31F16499A7F00550B13 /* main.mm */ = {isa = PBXFileReference; lastKnownFileType = sourcecode.cpp.objcpp; path = main.mm; sourceTree = "<group>"; };
		E3F6A32116499A7F00550B13 /* AppDelegate.h */ = {isa = PBXFileReference; lastKnownFileType = sourcecode.c.h; path = AppDelegate.h; sourceTree = "<group>"; };
		E3F6A32216499A7F00550B13 /* AppDelegate.mm */ = {isa = PBXFileReference; lastKnownFileType = sourcecode.cpp.objcpp; path = AppDelegate.mm; sourceTree = "<group>"; };
		E3F6A32416499A7F00550B13 /* grossini_dance_atlas.png */ = {isa = PBXFileReference; lastKnownFileType = image.png; name = grossini_dance_atlas.png; path = Resources/grossini_dance_atlas.png; sourceTree = "<group>"; };
		E3F6A32D16499C3A00550B13 /* PlayerStatusLayer.h */ = {isa = PBXFileReference; fileEncoding = 4; lastKnownFileType = sourcecode.c.h; path = PlayerStatusLayer.h; sourceTree = "<group>"; };
		E3F6A32E16499C3A00550B13 /* PlayerStatusLayer.mm */ = {isa = PBXFileReference; fileEncoding = 4; lastKnownFileType = sourcecode.cpp.objcpp; path = PlayerStatusLayer.mm; sourceTree = "<group>"; };
		E3F6A32F16499C3A00550B13 /* ServerController.h */ = {isa = PBXFileReference; fileEncoding = 4; lastKnownFileType = sourcecode.c.h; path = ServerController.h; sourceTree = "<group>"; };
		E3F6A33016499C3A00550B13 /* ServerController.mm */ = {isa = PBXFileReference; fileEncoding = 4; lastKnownFileType = sourcecode.cpp.objcpp; path = ServerController.mm; sourceTree = "<group>"; };
		E3F6A37916499D8400550B13 /* ThoMoClientDelegateProtocol.h */ = {isa = PBXFileReference; fileEncoding = 4; lastKnownFileType = sourcecode.c.h; path = ThoMoClientDelegateProtocol.h; sourceTree = "<group>"; };
		E3F6A37A16499D8400550B13 /* ThoMoClientStub.m */ = {isa = PBXFileReference; fileEncoding = 4; lastKnownFileType = sourcecode.c.objc; path = ThoMoClientStub.m; sourceTree = "<group>"; };
		E3F6A37B16499D8400550B13 /* ThoMoClientStub_private.h */ = {isa = PBXFileReference; fileEncoding = 4; lastKnownFileType = sourcecode.c.h; path = ThoMoClientStub_private.h; sourceTree = "<group>"; };
		E3F6A37C16499D8400550B13 /* ThoMoClientStub.h */ = {isa = PBXFileReference; fileEncoding = 4; lastKnownFileType = sourcecode.c.h; path = ThoMoClientStub.h; sourceTree = "<group>"; };
		E3F6A37D16499D8400550B13 /* ThoMoNetworking.h */ = {isa = PBXFileReference; fileEncoding = 4; lastKnownFileType = sourcecode.c.h; path = ThoMoNetworking.h; sourceTree = "<group>"; };
		E3F6A37E16499D8400550B13 /* ThoMoNetworkStub.h */ = {isa = PBXFileReference; fileEncoding = 4; lastKnownFileType = sourcecode.c.h; path = ThoMoNetworkStub.h; sourceTree = "<group>"; };
		E3F6A37F16499D8400550B13 /* ThoMoNetworkStub.m */ = {isa = PBXFileReference; fileEncoding = 4; lastKnownFileType = sourcecode.c.objc; path = ThoMoNetworkStub.m; sourceTree = "<group>"; };
		E3F6A38116499D8400550B13 /* ThoMoServerDelegateProtocol.h */ = {isa = PBXFileReference; fileEncoding = 4; lastKnownFileType = sourcecode.c.h; path = ThoMoServerDelegateProtocol.h; sourceTree = "<group>"; };
		E3F6A38216499D8400550B13 /* ThoMoServerStub.m */ = {isa = PBXFileReference; fileEncoding = 4; lastKnownFileType = sourcecode.c.objc; path = ThoMoServerStub.m; sourceTree = "<group>"; };
		E3F6A38316499D8400550B13 /* ThoMoServerStub_private.h */ = {isa = PBXFileReference; fileEncoding = 4; lastKnownFileType = sourcecode.c.h; path = ThoMoServerStub_private.h; sourceTree = "<group>"; };
		E3F6A38416499D8400550B13 /* ThoMoServerStub.h */ = {isa = PBXFileReference; fileEncoding = 4; lastKnownFileType = sourcecode.c.h; path = ThoMoServerStub.h; sourceTree = "<group>"; };
		E3F6A38516499D8400550B13 /* ThoMoTCPConnection.h */ = {isa = PBXFileReference; fileEncoding = 4; lastKnownFileType = sourcecode.c.h; path = ThoMoTCPConnection.h; sourceTree = "<group>"; };
		E3F6A38616499D8400550B13 /* ThoMoTCPConnection.m */ = {isa = PBXFileReference; fileEncoding = 4; lastKnownFileType = sourcecode.c.objc; path = ThoMoTCPConnection.m; sourceTree = "<group>"; };
		E3F6A38716499D8400550B13 /* ThoMoTCPConnectionDelegateProtocol.h */ = {isa = PBXFileReference; fileEncoding = 4; lastKnownFileType = sourcecode.c.h; path = ThoMoTCPConnectionDelegateProtocol.h; sourceTree = "<group>"; };
/* End PBXFileReference section */

/* Begin PBXFrameworksBuildPhase section */
		E3F6A04516499A7600550B13 /* Frameworks */ = {
			isa = PBXFrameworksBuildPhase;
			buildActionMask = 2147483647;
			files = (
				E3CB310817286C4C00A9B73F /* CoreText.framework in Frameworks */,
				E35D795116827BC400A53BEF /* libsqlite3.dylib in Frameworks */,
				E3F6A04D16499A7600550B13 /* QuartzCore.framework in Frameworks */,
				E3F6A04F16499A7600550B13 /* OpenGLES.framework in Frameworks */,
				E3F6A05116499A7600550B13 /* OpenAL.framework in Frameworks */,
				E3F6A05316499A7600550B13 /* AudioToolbox.framework in Frameworks */,
				E3F6A05516499A7600550B13 /* AVFoundation.framework in Frameworks */,
				E3F6A05716499A7600550B13 /* UIKit.framework in Frameworks */,
				E3F6A05916499A7600550B13 /* Foundation.framework in Frameworks */,
				E3F6A05B16499A7600550B13 /* CoreGraphics.framework in Frameworks */,
				E3F6A05D16499A7600550B13 /* GameKit.framework in Frameworks */,
				E3893C6B1666A24000299482 /* libjsbindings.a in Frameworks */,
			);
			runOnlyForDeploymentPostprocessing = 0;
		};
/* End PBXFrameworksBuildPhase section */

/* Begin PBXGroup section */
		E3127AB516C1E6BA00D09AA4 /* CCBDirectoryComparer */ = {
			isa = PBXGroup;
			children = (
				E3127AA816C1E6A500D09AA4 /* CCBDirectoryComparer.h */,
				E3127AA916C1E6A500D09AA4 /* CCBDirectoryComparer.m */,
			);
			name = CCBDirectoryComparer;
			sourceTree = "<group>";
		};
		E358952D16A72069002AF275 /* CCBReader */ = {
			isa = PBXGroup;
			children = (
				E358952E16A72069002AF275 /* CCBAnimationManager.h */,
				E358952F16A72069002AF275 /* CCBAnimationManager.m */,
				E358953016A72069002AF275 /* CCBKeyframe.h */,
				E358953116A72069002AF275 /* CCBKeyframe.m */,
				E358953216A72069002AF275 /* CCBReader.h */,
				E358953316A72069002AF275 /* CCBReader.m */,
				E358953416A72069002AF275 /* CCBSequence.h */,
				E358953516A72069002AF275 /* CCBsequence.m */,
				E358953616A72069002AF275 /* CCBSequenceProperty.h */,
				E358953716A72069002AF275 /* CCBSequenceProperty.m */,
				E358953816A72069002AF275 /* CCNode+CCBRelativePositioning.h */,
				E358953916A72069002AF275 /* CCNode+CCBRelativePositioning.m */,
			);
			name = CCBReader;
			path = "../../CocosBuilder/libs/cocos2d-iphone/external/CCBReader/CCBReader";
			sourceTree = "<group>";
		};
		E3893B6F1666A12100299482 /* Products */ = {
			isa = PBXGroup;
			children = (
				E3893BEB1666A12400299482 /* libbuild all libs.a */,
				E3893BED1666A12400299482 /* libbox2d.a */,
				E3893BEF1666A12400299482 /* libChipmunk.a */,
				E3893BF11666A12400299482 /* libcocos2d.a */,
				E358952916A71ED9002AF275 /* libcocos2d_box2d.a */,
				E358952B16A71ED9002AF275 /* libcocos2d_chipmunk.a */,
				E3893BF31666A12400299482 /* libcocos2d-documentation.a */,
				E3893BF51666A12400299482 /* libCocosDenshion.a */,
				E3893BF71666A12400299482 /* libCocosBuilderReader.a */,
				E3893BF91666A12400299482 /* libjsbindings.a */,
				E3893BFB1666A12400299482 /* libkazmath.a */,
			);
			name = Products;
			sourceTree = "<group>";
		};
		E3893CE81666BF8100299482 /* minizip */ = {
			isa = PBXGroup;
			children = (
				E3893CE91666BF8100299482 /* crypt.h */,
				E3893CEA1666BF8100299482 /* ioapi.c */,
				E3893CEB1666BF8100299482 /* ioapi.h */,
				E3893CEC1666BF8100299482 /* mztools.c */,
				E3893CED1666BF8100299482 /* mztools.h */,
				E3893CEE1666BF8100299482 /* unzip.c */,
				E3893CEF1666BF8100299482 /* unzip.h */,
				E3893CF01666BF8100299482 /* zip.c */,
				E3893CF11666BF8100299482 /* zip.h */,
			);
			name = minizip;
			path = ../../CocosBuilder/libs/ssziparchive/minizip;
			sourceTree = "<group>";
		};
		E3893CF91666C1DE00299482 /* SSZipArchive */ = {
			isa = PBXGroup;
			children = (
				E3893CE81666BF8100299482 /* minizip */,
				E3893CF21666BF8100299482 /* SSZipArchive.h */,
				E3893CF31666BF8100299482 /* SSZipArchive.m */,
			);
			name = SSZipArchive;
			sourceTree = "<group>";
		};
		E3F6A03D16499A7600550B13 = {
			isa = PBXGroup;
			children = (
				E3CB310717286C4C00A9B73F /* CoreText.framework */,
				E35D795016827BC400A53BEF /* libsqlite3.dylib */,
				E3F6A05E16499A7600550B13 /* CocosPlayer */,
				E3F6A04B16499A7600550B13 /* Frameworks */,
				E3F6A04916499A7600550B13 /* Products */,
			);
			sourceTree = "<group>";
		};
		E3F6A04916499A7600550B13 /* Products */ = {
			isa = PBXGroup;
			children = (
				E3F6A04816499A7600550B13 /* CocosPlayer.app */,
			);
			name = Products;
			sourceTree = "<group>";
		};
		E3F6A04B16499A7600550B13 /* Frameworks */ = {
			isa = PBXGroup;
			children = (
				E3F6A04C16499A7600550B13 /* QuartzCore.framework */,
				E3F6A04E16499A7600550B13 /* OpenGLES.framework */,
				E3F6A05016499A7600550B13 /* OpenAL.framework */,
				E3F6A05216499A7600550B13 /* AudioToolbox.framework */,
				E3F6A05416499A7600550B13 /* AVFoundation.framework */,
				E3F6A05616499A7600550B13 /* UIKit.framework */,
				E3F6A05816499A7600550B13 /* Foundation.framework */,
				E3F6A05A16499A7600550B13 /* CoreGraphics.framework */,
				E3F6A05C16499A7600550B13 /* GameKit.framework */,
			);
			name = Frameworks;
			sourceTree = "<group>";
		};
		E3F6A05E16499A7600550B13 /* CocosPlayer */ = {
			isa = PBXGroup;
			children = (
				E3F6A32D16499C3A00550B13 /* PlayerStatusLayer.h */,
				E3F6A32E16499C3A00550B13 /* PlayerStatusLayer.mm */,
				E3F6A32F16499C3A00550B13 /* ServerController.h */,
				E3F6A33016499C3A00550B13 /* ServerController.mm */,
				E3F6A32116499A7F00550B13 /* AppDelegate.h */,
				E3F6A32216499A7F00550B13 /* AppDelegate.mm */,
				E3F6A05F16499A7600550B13 /* Resources */,
				E32F24501656C27A00ADC120 /* ResourcesCCB */,
				E3F6A07D16499A7700550B13 /* libs */,
				E3F6A31D16499A7F00550B13 /* Supporting Files */,
			);
			path = CocosPlayer;
			sourceTree = "<group>";
		};
		E3F6A05F16499A7600550B13 /* Resources */ = {
			isa = PBXGroup;
			children = (
				E32FA30516D592F000254653 /* js */,
				E3F6A06016499A7600550B13 /* Default.png */,
				E3F6A06216499A7600550B13 /* Default@2x.png */,
				E3F6A06416499A7600550B13 /* Default-568h@2x.png */,
				E3F6A06616499A7600550B13 /* Default-Landscape~ipad.png */,
				E3F6A06816499A7600550B13 /* fps_images.png */,
				E3F6A06A16499A7600550B13 /* fps_images-hd.png */,
				E3F6A06C16499A7600550B13 /* fps_images-ipadhd.png */,
				E3F6A06E16499A7600550B13 /* Icon-72.png */,
				E3F6A07016499A7600550B13 /* Icon-Small-50.png */,
				E3F6A07216499A7600550B13 /* Icon-Small.png */,
				E3F6A07416499A7600550B13 /* Icon-Small@2x.png */,
				E3F6A07616499A7600550B13 /* Icon.png */,
				E3F6A07816499A7600550B13 /* Icon@2x.png */,
				E3F6A07A16499A7600550B13 /* Info.plist */,
				E3F6A07B16499A7700550B13 /* iTunesArtwork */,
				E3F6A32416499A7F00550B13 /* grossini_dance_atlas.png */,
			);
			name = Resources;
			sourceTree = "<group>";
		};
		E3F6A07D16499A7700550B13 /* libs */ = {
			isa = PBXGroup;
			children = (
				E3127AB516C1E6BA00D09AA4 /* CCBDirectoryComparer */,
				E358952D16A72069002AF275 /* CCBReader */,
				E3893CF91666C1DE00299482 /* SSZipArchive */,
				E3893B6E1666A12100299482 /* cocos2d-ios.xcodeproj */,
				E3F6A37716499D8400550B13 /* ThoMoNetworking */,
				E3F6A30816499A7E00550B13 /* LICENSE_JRSwizzle.txt */,
				E3F6A30216499A7E00550B13 /* JRSwizzle */,
			);
			name = libs;
			sourceTree = "<group>";
		};
		E3F6A30216499A7E00550B13 /* JRSwizzle */ = {
			isa = PBXGroup;
			children = (
				E3F6A30316499A7E00550B13 /* JRSwizzle.h */,
				E3F6A30416499A7E00550B13 /* JRSwizzle.m */,
				E3F6A30616499A7E00550B13 /* README.markdown */,
			);
			name = JRSwizzle;
			sourceTree = "<group>";
		};
		E3F6A31D16499A7F00550B13 /* Supporting Files */ = {
			isa = PBXGroup;
			children = (
				E3F6A31E16499A7F00550B13 /* Prefix.pch */,
				E3F6A31F16499A7F00550B13 /* main.mm */,
			);
			name = "Supporting Files";
			sourceTree = "<group>";
		};
		E3F6A37716499D8400550B13 /* ThoMoNetworking */ = {
			isa = PBXGroup;
			children = (
				E3F6A37816499D8400550B13 /* ThoMoClient */,
				E3F6A37C16499D8400550B13 /* ThoMoClientStub.h */,
				E3F6A37D16499D8400550B13 /* ThoMoNetworking.h */,
				E3F6A37E16499D8400550B13 /* ThoMoNetworkStub.h */,
				E3F6A37F16499D8400550B13 /* ThoMoNetworkStub.m */,
				E3F6A38016499D8400550B13 /* ThoMoServer */,
				E3F6A38416499D8400550B13 /* ThoMoServerStub.h */,
				E3F6A38516499D8400550B13 /* ThoMoTCPConnection.h */,
				E3F6A38616499D8400550B13 /* ThoMoTCPConnection.m */,
				E3F6A38716499D8400550B13 /* ThoMoTCPConnectionDelegateProtocol.h */,
			);
			name = ThoMoNetworking;
			path = ../../CocosBuilder/libs/ThoMoNetworking;
			sourceTree = "<group>";
		};
		E3F6A37816499D8400550B13 /* ThoMoClient */ = {
			isa = PBXGroup;
			children = (
				E3F6A37916499D8400550B13 /* ThoMoClientDelegateProtocol.h */,
				E3F6A37A16499D8400550B13 /* ThoMoClientStub.m */,
				E3F6A37B16499D8400550B13 /* ThoMoClientStub_private.h */,
			);
			path = ThoMoClient;
			sourceTree = "<group>";
		};
		E3F6A38016499D8400550B13 /* ThoMoServer */ = {
			isa = PBXGroup;
			children = (
				E3F6A38116499D8400550B13 /* ThoMoServerDelegateProtocol.h */,
				E3F6A38216499D8400550B13 /* ThoMoServerStub.m */,
				E3F6A38316499D8400550B13 /* ThoMoServerStub_private.h */,
			);
			path = ThoMoServer;
			sourceTree = "<group>";
		};
/* End PBXGroup section */

/* Begin PBXNativeTarget section */
		E3F6A04716499A7600550B13 /* CocosPlayer */ = {
			isa = PBXNativeTarget;
			buildConfigurationList = E3F6A32A16499A7F00550B13 /* Build configuration list for PBXNativeTarget "CocosPlayer" */;
			buildPhases = (
				E3F6A04416499A7600550B13 /* Sources */,
				E3F6A04516499A7600550B13 /* Frameworks */,
				E3F6A04616499A7600550B13 /* Resources */,
			);
			buildRules = (
			);
			dependencies = (
				E3893C771666A45000299482 /* PBXTargetDependency */,
			);
			name = CocosPlayer;
			productName = CocosPlayer;
			productReference = E3F6A04816499A7600550B13 /* CocosPlayer.app */;
			productType = "com.apple.product-type.application";
		};
/* End PBXNativeTarget section */

/* Begin PBXProject section */
		E3F6A03F16499A7600550B13 /* Project object */ = {
			isa = PBXProject;
			attributes = {
				LastUpgradeCheck = 0450;
				ORGANIZATIONNAME = Zynga;
			};
			buildConfigurationList = E3F6A04216499A7600550B13 /* Build configuration list for PBXProject "CocosPlayer" */;
			compatibilityVersion = "Xcode 3.2";
			developmentRegion = English;
			hasScannedForEncodings = 0;
			knownRegions = (
				en,
			);
			mainGroup = E3F6A03D16499A7600550B13;
			productRefGroup = E3F6A04916499A7600550B13 /* Products */;
			projectDirPath = "";
			projectReferences = (
				{
					ProductGroup = E3893B6F1666A12100299482 /* Products */;
					ProjectRef = E3893B6E1666A12100299482 /* cocos2d-ios.xcodeproj */;
				},
			);
			projectRoot = "";
			targets = (
				E3F6A04716499A7600550B13 /* CocosPlayer */,
			);
		};
/* End PBXProject section */

/* Begin PBXReferenceProxy section */
		E358952916A71ED9002AF275 /* libcocos2d_box2d.a */ = {
			isa = PBXReferenceProxy;
			fileType = archive.ar;
			path = libcocos2d_box2d.a;
			remoteRef = E358952816A71ED9002AF275 /* PBXContainerItemProxy */;
			sourceTree = BUILT_PRODUCTS_DIR;
		};
		E358952B16A71ED9002AF275 /* libcocos2d_chipmunk.a */ = {
			isa = PBXReferenceProxy;
			fileType = archive.ar;
			path = libcocos2d_chipmunk.a;
			remoteRef = E358952A16A71ED9002AF275 /* PBXContainerItemProxy */;
			sourceTree = BUILT_PRODUCTS_DIR;
		};
		E3893BEB1666A12400299482 /* libbuild all libs.a */ = {
			isa = PBXReferenceProxy;
			fileType = archive.ar;
			path = "libbuild all libs.a";
			remoteRef = E3893BEA1666A12400299482 /* PBXContainerItemProxy */;
			sourceTree = BUILT_PRODUCTS_DIR;
		};
		E3893BED1666A12400299482 /* libbox2d.a */ = {
			isa = PBXReferenceProxy;
			fileType = archive.ar;
			path = libbox2d.a;
			remoteRef = E3893BEC1666A12400299482 /* PBXContainerItemProxy */;
			sourceTree = BUILT_PRODUCTS_DIR;
		};
		E3893BEF1666A12400299482 /* libChipmunk.a */ = {
			isa = PBXReferenceProxy;
			fileType = archive.ar;
			path = libChipmunk.a;
			remoteRef = E3893BEE1666A12400299482 /* PBXContainerItemProxy */;
			sourceTree = BUILT_PRODUCTS_DIR;
		};
		E3893BF11666A12400299482 /* libcocos2d.a */ = {
			isa = PBXReferenceProxy;
			fileType = archive.ar;
			path = libcocos2d.a;
			remoteRef = E3893BF01666A12400299482 /* PBXContainerItemProxy */;
			sourceTree = BUILT_PRODUCTS_DIR;
		};
		E3893BF31666A12400299482 /* libcocos2d-documentation.a */ = {
			isa = PBXReferenceProxy;
			fileType = archive.ar;
			path = "libcocos2d-documentation.a";
			remoteRef = E3893BF21666A12400299482 /* PBXContainerItemProxy */;
			sourceTree = BUILT_PRODUCTS_DIR;
		};
		E3893BF51666A12400299482 /* libCocosDenshion.a */ = {
			isa = PBXReferenceProxy;
			fileType = archive.ar;
			path = libCocosDenshion.a;
			remoteRef = E3893BF41666A12400299482 /* PBXContainerItemProxy */;
			sourceTree = BUILT_PRODUCTS_DIR;
		};
		E3893BF71666A12400299482 /* libCocosBuilderReader.a */ = {
			isa = PBXReferenceProxy;
			fileType = archive.ar;
			path = libCocosBuilderReader.a;
			remoteRef = E3893BF61666A12400299482 /* PBXContainerItemProxy */;
			sourceTree = BUILT_PRODUCTS_DIR;
		};
		E3893BF91666A12400299482 /* libjsbindings.a */ = {
			isa = PBXReferenceProxy;
			fileType = archive.ar;
			path = libjsbindings.a;
			remoteRef = E3893BF81666A12400299482 /* PBXContainerItemProxy */;
			sourceTree = BUILT_PRODUCTS_DIR;
		};
		E3893BFB1666A12400299482 /* libkazmath.a */ = {
			isa = PBXReferenceProxy;
			fileType = archive.ar;
			path = libkazmath.a;
			remoteRef = E3893BFA1666A12400299482 /* PBXContainerItemProxy */;
			sourceTree = BUILT_PRODUCTS_DIR;
		};
/* End PBXReferenceProxy section */

/* Begin PBXResourcesBuildPhase section */
		E3F6A04616499A7600550B13 /* Resources */ = {
			isa = PBXResourcesBuildPhase;
			buildActionMask = 2147483647;
			files = (
				E3F6A06116499A7600550B13 /* Default.png in Resources */,
				E3F6A06316499A7600550B13 /* Default@2x.png in Resources */,
				E3F6A06516499A7600550B13 /* Default-568h@2x.png in Resources */,
				E3F6A06716499A7600550B13 /* Default-Landscape~ipad.png in Resources */,
				E3F6A06916499A7600550B13 /* fps_images.png in Resources */,
				E3F6A06B16499A7600550B13 /* fps_images-hd.png in Resources */,
				E3F6A06D16499A7600550B13 /* fps_images-ipadhd.png in Resources */,
				E3F6A06F16499A7600550B13 /* Icon-72.png in Resources */,
				E3F6A07116499A7600550B13 /* Icon-Small-50.png in Resources */,
				E3F6A07316499A7600550B13 /* Icon-Small.png in Resources */,
				E3F6A07516499A7600550B13 /* Icon-Small@2x.png in Resources */,
				E3F6A07716499A7600550B13 /* Icon.png in Resources */,
				E3F6A07916499A7600550B13 /* Icon@2x.png in Resources */,
				E3F6A07C16499A7700550B13 /* iTunesArtwork in Resources */,
				E3F6A30716499A7E00550B13 /* README.markdown in Resources */,
				E3F6A32516499A7F00550B13 /* grossini_dance_atlas.png in Resources */,
				E32F24511656C27A00ADC120 /* ResourcesCCB in Resources */,
				E32FA30616D592F000254653 /* js in Resources */,
			);
			runOnlyForDeploymentPostprocessing = 0;
		};
/* End PBXResourcesBuildPhase section */

/* Begin PBXSourcesBuildPhase section */
		E3F6A04416499A7600550B13 /* Sources */ = {
			isa = PBXSourcesBuildPhase;
			buildActionMask = 2147483647;
			files = (
				E3F6A32016499A7F00550B13 /* main.mm in Sources */,
				E3F6A32316499A7F00550B13 /* AppDelegate.mm in Sources */,
				E3F6A33116499C3A00550B13 /* PlayerStatusLayer.mm in Sources */,
				E3F6A33216499C3A00550B13 /* ServerController.mm in Sources */,
				E3F6A38816499D8400550B13 /* ThoMoClientStub.m in Sources */,
				E3F6A38916499D8400550B13 /* ThoMoNetworkStub.m in Sources */,
				E3F6A38A16499D8400550B13 /* ThoMoServerStub.m in Sources */,
				E3F6A38B16499D8400550B13 /* ThoMoTCPConnection.m in Sources */,
				E3893CF41666BF8100299482 /* ioapi.c in Sources */,
				E3893CF51666BF8100299482 /* mztools.c in Sources */,
				E3893CF61666BF8100299482 /* unzip.c in Sources */,
				E3893CF71666BF8100299482 /* zip.c in Sources */,
				E3893CF81666BF8100299482 /* SSZipArchive.m in Sources */,
				E358953A16A72069002AF275 /* CCBAnimationManager.m in Sources */,
				E358953B16A72069002AF275 /* CCBKeyframe.m in Sources */,
				E358953C16A72069002AF275 /* CCBReader.m in Sources */,
				E358953D16A72069002AF275 /* CCBsequence.m in Sources */,
				E358953E16A72069002AF275 /* CCBSequenceProperty.m in Sources */,
				E358953F16A72069002AF275 /* CCNode+CCBRelativePositioning.m in Sources */,
				E3127AAA16C1E6A500D09AA4 /* CCBDirectoryComparer.m in Sources */,
			);
			runOnlyForDeploymentPostprocessing = 0;
		};
/* End PBXSourcesBuildPhase section */

/* Begin PBXTargetDependency section */
		E3893C771666A45000299482 /* PBXTargetDependency */ = {
			isa = PBXTargetDependency;
			name = jsbindings;
			targetProxy = E3893C761666A45000299482 /* PBXContainerItemProxy */;
		};
/* End PBXTargetDependency section */

/* Begin XCBuildConfiguration section */
		E3F6A32816499A7F00550B13 /* Debug */ = {
			isa = XCBuildConfiguration;
			buildSettings = {
				ARCHS = "$(ARCHS_STANDARD_32_BIT)";
				"CODE_SIGN_IDENTITY[sdk=iphoneos*]" = "iPhone Developer";
				GCC_C_LANGUAGE_STANDARD = gnu99;
				GCC_OPTIMIZATION_LEVEL = 0;
				GCC_PREPROCESSOR_DEFINITIONS = (
					DEBUG,
					"COCOS2D_DEBUG=1",
				);
				GCC_SYMBOLS_PRIVATE_EXTERN = NO;
				GCC_VERSION = com.apple.compilers.llvm.clang.1_0;
				GCC_WARN_ABOUT_RETURN_TYPE = YES;
				GCC_WARN_UNUSED_VARIABLE = YES;
				IPHONEOS_DEPLOYMENT_TARGET = 4.0;
				ONLY_ACTIVE_ARCH = YES;
				SDKROOT = iphoneos;
				TARGETED_DEVICE_FAMILY = "1,2";
			};
			name = Debug;
		};
		E3F6A32916499A7F00550B13 /* Release */ = {
			isa = XCBuildConfiguration;
			buildSettings = {
				ARCHS = "$(ARCHS_STANDARD_32_BIT)";
				"CODE_SIGN_IDENTITY[sdk=iphoneos*]" = "iPhone Developer";
				GCC_C_LANGUAGE_STANDARD = gnu99;
				GCC_PREPROCESSOR_DEFINITIONS = (
					NDEBUG,
					"NS_BLOCK_ASSERTIONS=1",
				);
				GCC_VERSION = com.apple.compilers.llvm.clang.1_0;
				GCC_WARN_ABOUT_RETURN_TYPE = YES;
				GCC_WARN_UNUSED_VARIABLE = YES;
				IPHONEOS_DEPLOYMENT_TARGET = 4.0;
				SDKROOT = iphoneos;
				TARGETED_DEVICE_FAMILY = "1,2";
			};
			name = Release;
		};
		E3F6A32B16499A7F00550B13 /* Debug */ = {
			isa = XCBuildConfiguration;
			buildSettings = {
				ALWAYS_SEARCH_USER_PATHS = YES;
				COPY_PHASE_STRIP = NO;
				GCC_DYNAMIC_NO_PIC = NO;
				GCC_PRECOMPILE_PREFIX_HEADER = YES;
				GCC_PREFIX_HEADER = CocosPlayer/Prefix.pch;
				GCC_PREPROCESSOR_DEFINITIONS = (
					"CC_ENABLE_CHIPMUNK_INTEGRATION=1",
					DEBUG,
					"COCOS2D_DEBUG=1",
					"CC_ENABLE_GL_STATE_CACHE=1",
					"CCB_ENABLE_UNZIP=1",
					"CD_USE_COCOS2D_FILEUTILS=1",
				);
				HEADER_SEARCH_PATHS = "";
				INFOPLIST_FILE = CocosPlayer/Resources/Info.plist;
				OTHER_LDFLAGS = (
					"-lz",
					"-ObjC",
					"-all_load",
				);
				PRODUCT_NAME = "$(TARGET_NAME)";
				USER_HEADER_SEARCH_PATHS = "../CocosBuilder/libs/cocos2d-iphone/cocos2d ../CocosBuilder/libs/cocos2d-iphone/external/JavaScript/jsbindings/src/** ../CocosBuilder/libs/cocos2d-iphone/external/kazmath/include ../CocosBuilder/libs/cocos2d-iphone/external/Chipmunk/include/chipmunk ../CocosBuilder/libs/cocos2d-iphone/external/JavaScript/SpiderMonkey/ios/include ../CocosBuilder/libs/cocos2d-iphone/external/CocosBuilderReader ../CocosBuilder/libs/cocos2d-iphone/CocosDenshion";
				WRAPPER_EXTENSION = app;
			};
			name = Debug;
		};
		E3F6A32C16499A7F00550B13 /* Release */ = {
			isa = XCBuildConfiguration;
			buildSettings = {
				ALWAYS_SEARCH_USER_PATHS = YES;
				COPY_PHASE_STRIP = YES;
				GCC_PRECOMPILE_PREFIX_HEADER = YES;
				GCC_PREFIX_HEADER = CocosPlayer/Prefix.pch;
				GCC_PREPROCESSOR_DEFINITIONS = (
					"CC_ENABLE_CHIPMUNK_INTEGRATION=1",
					NDEBUG,
					"NS_BLOCK_ASSERTIONS=1",
					"CC_ENABLE_GL_STATE_CACHE=1",
					"CCB_ENABLE_UNZIP=1",
					"CD_USE_COCOS2D_FILEUTILS=1",
				);
				HEADER_SEARCH_PATHS = "";
				INFOPLIST_FILE = CocosPlayer/Resources/Info.plist;
				OTHER_LDFLAGS = (
					"-lz",
					"-ObjC",
					"-all_load",
				);
				PRODUCT_NAME = "$(TARGET_NAME)";
				USER_HEADER_SEARCH_PATHS = "../CocosBuilder/libs/cocos2d-iphone/cocos2d ../CocosBuilder/libs/cocos2d-iphone/external/JavaScript/jsbindings/src/** ../CocosBuilder/libs/cocos2d-iphone/external/kazmath/include ../CocosBuilder/libs/cocos2d-iphone/external/Chipmunk/include/chipmunk ../CocosBuilder/libs/cocos2d-iphone/external/JavaScript/SpiderMonkey/ios/include ../CocosBuilder/libs/cocos2d-iphone/external/CocosBuilderReader ../CocosBuilder/libs/cocos2d-iphone/CocosDenshion";
				VALIDATE_PRODUCT = YES;
				WRAPPER_EXTENSION = app;
			};
			name = Release;
		};
/* End XCBuildConfiguration section */

/* Begin XCConfigurationList section */
		E3F6A04216499A7600550B13 /* Build configuration list for PBXProject "CocosPlayer" */ = {
			isa = XCConfigurationList;
			buildConfigurations = (
				E3F6A32816499A7F00550B13 /* Debug */,
				E3F6A32916499A7F00550B13 /* Release */,
			);
			defaultConfigurationIsVisible = 0;
			defaultConfigurationName = Release;
		};
		E3F6A32A16499A7F00550B13 /* Build configuration list for PBXNativeTarget "CocosPlayer" */ = {
			isa = XCConfigurationList;
			buildConfigurations = (
				E3F6A32B16499A7F00550B13 /* Debug */,
				E3F6A32C16499A7F00550B13 /* Release */,
			);
			defaultConfigurationIsVisible = 0;
			defaultConfigurationName = Release;
		};
/* End XCConfigurationList section */
	};
	rootObject = E3F6A03F16499A7600550B13 /* Project object */;
}
